PODS:
  - Eureka (4.3.0)
  - PromisesObjC (1.2.4)
  - PromisesSwift (1.2.4):
    - PromisesObjC (= 1.2.4)
  - UICircularProgressRing (4.1.0)

DEPENDENCIES:
  - Eureka
  - PromisesSwift (~> 1.2.4)
  - UICircularProgressRing

SPEC REPOS:
  https://github.com/cocoapods/specs.git:
    - Eureka
    - PromisesObjC
    - PromisesSwift
    - UICircularProgressRing

SPEC CHECKSUMS:
  Eureka: 6d711cb30ca333b4bc893110285a722ae3840114
  PromisesObjC: 4a3f2e30a0eb793e9bbb32cd367b625d4a14de5a
  PromisesSwift: 8e1d2cdbc3cafb4f09d4b82df12f645bc19ab64e
  UICircularProgressRing: 5a32c01f54474571b1e66e8fa050c0f83d6d981b

PODFILE CHECKSUM: c727a34f1a1ca328ea217903a5af76a3aec15ddb

COCOAPODS: 1.5.3
