// !$*UTF8*$!
{
	archiveVersion = 1;
	classes = {
	};
	objectVersion = 50;
	objects = {

/* Begin PBXBuildFile section */
		2ADA62915F98068E30C859E1 /* Pods_Datapulter.framework in Frameworks */ = {isa = PBXBuildFile; fileRef = C6B1006B5F6D4F9825A46B2D /* Pods_Datapulter.framework */; };
		9BC163E321B7E1EC003272FF /* ProviderTableViewCell.swift in Sources */ = {isa = PBXBuildFile; fileRef = 9BC163E221B7E1EC003272FF /* ProviderTableViewCell.swift */; };
		9BC163E521B838D3003272FF /* ProviderTableViewController.swift in Sources */ = {isa = PBXBuildFile; fileRef = 9BC163E421B838D3003272FF /* ProviderTableViewController.swift */; };
		9BC163E721B844CD003272FF /* Provider.swift in Sources */ = {isa = PBXBuildFile; fileRef = 9BC163E621B844CD003272FF /* Provider.swift */; };
		9BC163ED21B95263003272FF /* b2.swift in Sources */ = {isa = PBXBuildFile; fileRef = 9BC163EC21B95263003272FF /* b2.swift */; };
		9BC6C22E21BBFC6900D96D7A /* EditProviderViewController.swift in Sources */ = {isa = PBXBuildFile; fileRef = 9BC6C22D21BBFC6900D96D7A /* EditProviderViewController.swift */; };
		9BCE4AE521B7DB9600DECB10 /* AppDelegate.swift in Sources */ = {isa = PBXBuildFile; fileRef = 9BCE4AE421B7DB9600DECB10 /* AppDelegate.swift */; };
		9BCE4AE721B7DB9600DECB10 /* AddProviderViewController.swift in Sources */ = {isa = PBXBuildFile; fileRef = 9BCE4AE621B7DB9600DECB10 /* AddProviderViewController.swift */; };
		9BCE4AEA21B7DB9600DECB10 /* Main.storyboard in Resources */ = {isa = PBXBuildFile; fileRef = 9BCE4AE821B7DB9600DECB10 /* Main.storyboard */; };
		9BCE4AEC21B7DB9800DECB10 /* Assets.xcassets in Resources */ = {isa = PBXBuildFile; fileRef = 9BCE4AEB21B7DB9800DECB10 /* Assets.xcassets */; };
		9BCE4AEF21B7DB9800DECB10 /* LaunchScreen.storyboard in Resources */ = {isa = PBXBuildFile; fileRef = 9BCE4AED21B7DB9800DECB10 /* LaunchScreen.storyboard */; };
		9BCE4AFA21B7DB9900DECB10 /* DatapulterTests.swift in Sources */ = {isa = PBXBuildFile; fileRef = 9BCE4AF921B7DB9900DECB10 /* DatapulterTests.swift */; };
		9BD86B1A21C2D8B300958EAD /* AutoUpload.swift in Sources */ = {isa = PBXBuildFile; fileRef = 9BD86B1921C2D8B300958EAD /* AutoUpload.swift */; };
/* End PBXBuildFile section */

/* Begin PBXContainerItemProxy section */
		9BCE4AF621B7DB9900DECB10 /* PBXContainerItemProxy */ = {
			isa = PBXContainerItemProxy;
			containerPortal = 9BCE4AD921B7DB9600DECB10 /* Project object */;
			proxyType = 1;
			remoteGlobalIDString = 9BCE4AE021B7DB9600DECB10;
			remoteInfo = Datapulter;
		};
/* End PBXContainerItemProxy section */

/* Begin PBXFileReference section */
		255F2EFF802574F1F6D5DC03 /* Pods-Datapulter.debug.xcconfig */ = {isa = PBXFileReference; includeInIndex = 1; lastKnownFileType = text.xcconfig; name = "Pods-Datapulter.debug.xcconfig"; path = "Pods/Target Support Files/Pods-Datapulter/Pods-Datapulter.debug.xcconfig"; sourceTree = "<group>"; };
		384C332A8CCA221D1966A88F /* Pods-Datapulter.release.xcconfig */ = {isa = PBXFileReference; includeInIndex = 1; lastKnownFileType = text.xcconfig; name = "Pods-Datapulter.release.xcconfig"; path = "Pods/Target Support Files/Pods-Datapulter/Pods-Datapulter.release.xcconfig"; sourceTree = "<group>"; };
		9BC163E221B7E1EC003272FF /* ProviderTableViewCell.swift */ = {isa = PBXFileReference; lastKnownFileType = sourcecode.swift; path = ProviderTableViewCell.swift; sourceTree = "<group>"; };
		9BC163E421B838D3003272FF /* ProviderTableViewController.swift */ = {isa = PBXFileReference; lastKnownFileType = sourcecode.swift; path = ProviderTableViewController.swift; sourceTree = "<group>"; };
		9BC163E621B844CD003272FF /* Provider.swift */ = {isa = PBXFileReference; lastKnownFileType = sourcecode.swift; path = Provider.swift; sourceTree = "<group>"; };
		9BC163EC21B95263003272FF /* b2.swift */ = {isa = PBXFileReference; lastKnownFileType = sourcecode.swift; name = b2.swift; path = Datapulter/Provider/b2.swift; sourceTree = "<group>"; };
		9BC6C22D21BBFC6900D96D7A /* EditProviderViewController.swift */ = {isa = PBXFileReference; lastKnownFileType = sourcecode.swift; path = EditProviderViewController.swift; sourceTree = "<group>"; };
		9BCE4AE121B7DB9600DECB10 /* Datapulter.app */ = {isa = PBXFileReference; explicitFileType = wrapper.application; includeInIndex = 0; path = Datapulter.app; sourceTree = BUILT_PRODUCTS_DIR; };
		9BCE4AE421B7DB9600DECB10 /* AppDelegate.swift */ = {isa = PBXFileReference; lastKnownFileType = sourcecode.swift; path = AppDelegate.swift; sourceTree = "<group>"; };
		9BCE4AE621B7DB9600DECB10 /* AddProviderViewController.swift */ = {isa = PBXFileReference; lastKnownFileType = sourcecode.swift; path = AddProviderViewController.swift; sourceTree = "<group>"; };
		9BCE4AE921B7DB9600DECB10 /* Base */ = {isa = PBXFileReference; lastKnownFileType = file.storyboard; name = Base; path = Base.lproj/Main.storyboard; sourceTree = "<group>"; };
		9BCE4AEB21B7DB9800DECB10 /* Assets.xcassets */ = {isa = PBXFileReference; lastKnownFileType = folder.assetcatalog; path = Assets.xcassets; sourceTree = "<group>"; };
		9BCE4AEE21B7DB9800DECB10 /* Base */ = {isa = PBXFileReference; lastKnownFileType = file.storyboard; name = Base; path = Base.lproj/LaunchScreen.storyboard; sourceTree = "<group>"; };
		9BCE4AF021B7DB9800DECB10 /* Info.plist */ = {isa = PBXFileReference; lastKnownFileType = text.plist.xml; path = Info.plist; sourceTree = "<group>"; };
		9BCE4AF521B7DB9900DECB10 /* DatapulterTests.xctest */ = {isa = PBXFileReference; explicitFileType = wrapper.cfbundle; includeInIndex = 0; path = DatapulterTests.xctest; sourceTree = BUILT_PRODUCTS_DIR; };
		9BCE4AF921B7DB9900DECB10 /* DatapulterTests.swift */ = {isa = PBXFileReference; lastKnownFileType = sourcecode.swift; path = DatapulterTests.swift; sourceTree = "<group>"; };
		9BCE4AFB21B7DB9900DECB10 /* Info.plist */ = {isa = PBXFileReference; lastKnownFileType = text.plist.xml; path = Info.plist; sourceTree = "<group>"; };
		9BD86B1921C2D8B300958EAD /* AutoUpload.swift */ = {isa = PBXFileReference; lastKnownFileType = sourcecode.swift; path = AutoUpload.swift; sourceTree = "<group>"; };
		C6B1006B5F6D4F9825A46B2D /* Pods_Datapulter.framework */ = {isa = PBXFileReference; explicitFileType = wrapper.framework; includeInIndex = 0; path = Pods_Datapulter.framework; sourceTree = BUILT_PRODUCTS_DIR; };
/* End PBXFileReference section */

/* Begin PBXFrameworksBuildPhase section */
		9BCE4ADE21B7DB9600DECB10 /* Frameworks */ = {
			isa = PBXFrameworksBuildPhase;
			buildActionMask = 2147483647;
			files = (
				2ADA62915F98068E30C859E1 /* Pods_Datapulter.framework in Frameworks */,
			);
			runOnlyForDeploymentPostprocessing = 0;
		};
		9BCE4AF221B7DB9900DECB10 /* Frameworks */ = {
			isa = PBXFrameworksBuildPhase;
			buildActionMask = 2147483647;
			files = (
			);
			runOnlyForDeploymentPostprocessing = 0;
		};
/* End PBXFrameworksBuildPhase section */

/* Begin PBXGroup section */
		13EF270206739D21F9290D22 /* Frameworks */ = {
			isa = PBXGroup;
			children = (
				C6B1006B5F6D4F9825A46B2D /* Pods_Datapulter.framework */,
			);
			name = Frameworks;
			sourceTree = "<group>";
		};
		3138B02635C5D93D915832BF /* Pods */ = {
			isa = PBXGroup;
			children = (
				255F2EFF802574F1F6D5DC03 /* Pods-Datapulter.debug.xcconfig */,
				384C332A8CCA221D1966A88F /* Pods-Datapulter.release.xcconfig */,
			);
			name = Pods;
			sourceTree = "<group>";
		};
		9BCE4AD821B7DB9600DECB10 = {
			isa = PBXGroup;
			children = (
				9BC163EC21B95263003272FF /* b2.swift */,
				9BCE4AE321B7DB9600DECB10 /* Datapulter */,
				9BCE4AF821B7DB9900DECB10 /* DatapulterTests */,
				9BCE4AE221B7DB9600DECB10 /* Products */,
				3138B02635C5D93D915832BF /* Pods */,
				13EF270206739D21F9290D22 /* Frameworks */,
			);
			sourceTree = "<group>";
		};
		9BCE4AE221B7DB9600DECB10 /* Products */ = {
			isa = PBXGroup;
			children = (
				9BCE4AE121B7DB9600DECB10 /* Datapulter.app */,
				9BCE4AF521B7DB9900DECB10 /* DatapulterTests.xctest */,
			);
			name = Products;
			sourceTree = "<group>";
		};
		9BCE4AE321B7DB9600DECB10 /* Datapulter */ = {
			isa = PBXGroup;
			children = (
				9BC6C22D21BBFC6900D96D7A /* EditProviderViewController.swift */,
				9BD86B1921C2D8B300958EAD /* AutoUpload.swift */,
				9BCE4AE421B7DB9600DECB10 /* AppDelegate.swift */,
				9BCE4AE621B7DB9600DECB10 /* AddProviderViewController.swift */,
				9BCE4AE821B7DB9600DECB10 /* Main.storyboard */,
				9BC163E221B7E1EC003272FF /* ProviderTableViewCell.swift */,
				9BC163E421B838D3003272FF /* ProviderTableViewController.swift */,
				9BC163E621B844CD003272FF /* Provider.swift */,
				9BCE4AEB21B7DB9800DECB10 /* Assets.xcassets */,
				9BCE4AED21B7DB9800DECB10 /* LaunchScreen.storyboard */,
				9BCE4AF021B7DB9800DECB10 /* Info.plist */,
			);
			path = Datapulter;
			sourceTree = "<group>";
		};
		9BCE4AF821B7DB9900DECB10 /* DatapulterTests */ = {
			isa = PBXGroup;
			children = (
				9BCE4AF921B7DB9900DECB10 /* DatapulterTests.swift */,
				9BCE4AFB21B7DB9900DECB10 /* Info.plist */,
			);
			path = DatapulterTests;
			sourceTree = "<group>";
		};
/* End PBXGroup section */

/* Begin PBXNativeTarget section */
		9BCE4AE021B7DB9600DECB10 /* Datapulter */ = {
			isa = PBXNativeTarget;
			buildConfigurationList = 9BCE4AFE21B7DB9900DECB10 /* Build configuration list for PBXNativeTarget "Datapulter" */;
			buildPhases = (
				231D1128FAF21A715E8CCBF9 /* [CP] Check Pods Manifest.lock */,
				9BCE4ADD21B7DB9600DECB10 /* Sources */,
				9BCE4ADE21B7DB9600DECB10 /* Frameworks */,
				9BCE4ADF21B7DB9600DECB10 /* Resources */,
				4F3C77283E9AC6A8E03CAFA9 /* [CP] Embed Pods Frameworks */,
			);
			buildRules = (
			);
			dependencies = (
			);
			name = Datapulter;
			productName = Datapulter;
			productReference = 9BCE4AE121B7DB9600DECB10 /* Datapulter.app */;
			productType = "com.apple.product-type.application";
		};
		9BCE4AF421B7DB9900DECB10 /* DatapulterTests */ = {
			isa = PBXNativeTarget;
			buildConfigurationList = 9BCE4B0121B7DB9900DECB10 /* Build configuration list for PBXNativeTarget "DatapulterTests" */;
			buildPhases = (
				9BCE4AF121B7DB9900DECB10 /* Sources */,
				9BCE4AF221B7DB9900DECB10 /* Frameworks */,
				9BCE4AF321B7DB9900DECB10 /* Resources */,
			);
			buildRules = (
			);
			dependencies = (
				9BCE4AF721B7DB9900DECB10 /* PBXTargetDependency */,
			);
			name = DatapulterTests;
			productName = DatapulterTests;
			productReference = 9BCE4AF521B7DB9900DECB10 /* DatapulterTests.xctest */;
			productType = "com.apple.product-type.bundle.unit-test";
		};
/* End PBXNativeTarget section */

/* Begin PBXProject section */
		9BCE4AD921B7DB9600DECB10 /* Project object */ = {
			isa = PBXProject;
			attributes = {
				LastSwiftUpdateCheck = 1010;
				LastUpgradeCheck = 1010;
				ORGANIZATIONNAME = "Craig Rachel";
				TargetAttributes = {
					9BCE4AE021B7DB9600DECB10 = {
						CreatedOnToolsVersion = 10.1;
					};
					9BCE4AF421B7DB9900DECB10 = {
						CreatedOnToolsVersion = 10.1;
						TestTargetID = 9BCE4AE021B7DB9600DECB10;
					};
				};
			};
			buildConfigurationList = 9BCE4ADC21B7DB9600DECB10 /* Build configuration list for PBXProject "Datapulter" */;
			compatibilityVersion = "Xcode 9.3";
			developmentRegion = en;
			hasScannedForEncodings = 0;
			knownRegions = (
				en,
				Base,
			);
			mainGroup = 9BCE4AD821B7DB9600DECB10;
			productRefGroup = 9BCE4AE221B7DB9600DECB10 /* Products */;
			projectDirPath = "";
			projectRoot = "";
			targets = (
				9BCE4AE021B7DB9600DECB10 /* Datapulter */,
				9BCE4AF421B7DB9900DECB10 /* DatapulterTests */,
			);
		};
/* End PBXProject section */

/* Begin PBXResourcesBuildPhase section */
		9BCE4ADF21B7DB9600DECB10 /* Resources */ = {
			isa = PBXResourcesBuildPhase;
			buildActionMask = 2147483647;
			files = (
				9BCE4AEF21B7DB9800DECB10 /* LaunchScreen.storyboard in Resources */,
				9BCE4AEC21B7DB9800DECB10 /* Assets.xcassets in Resources */,
				9BCE4AEA21B7DB9600DECB10 /* Main.storyboard in Resources */,
			);
			runOnlyForDeploymentPostprocessing = 0;
		};
		9BCE4AF321B7DB9900DECB10 /* Resources */ = {
			isa = PBXResourcesBuildPhase;
			buildActionMask = 2147483647;
			files = (
			);
			runOnlyForDeploymentPostprocessing = 0;
		};
/* End PBXResourcesBuildPhase section */

/* Begin PBXShellScriptBuildPhase section */
		231D1128FAF21A715E8CCBF9 /* [CP] Check Pods Manifest.lock */ = {
			isa = PBXShellScriptBuildPhase;
			buildActionMask = 2147483647;
			files = (
			);
			inputFileListPaths = (
			);
			inputPaths = (
				"${PODS_PODFILE_DIR_PATH}/Podfile.lock",
				"${PODS_ROOT}/Manifest.lock",
			);
			name = "[CP] Check Pods Manifest.lock";
			outputFileListPaths = (
			);
			outputPaths = (
				"$(DERIVED_FILE_DIR)/Pods-Datapulter-checkManifestLockResult.txt",
			);
			runOnlyForDeploymentPostprocessing = 0;
			shellPath = /bin/sh;
			shellScript = "diff \"${PODS_PODFILE_DIR_PATH}/Podfile.lock\" \"${PODS_ROOT}/Manifest.lock\" > /dev/null\nif [ $? != 0 ] ; then\n    # print error to STDERR\n    echo \"error: The sandbox is not in sync with the Podfile.lock. Run 'pod install' or update your CocoaPods installation.\" >&2\n    exit 1\nfi\n# This output is used by Xcode 'outputs' to avoid re-running this script phase.\necho \"SUCCESS\" > \"${SCRIPT_OUTPUT_FILE_0}\"\n";
			showEnvVarsInLog = 0;
		};
		4F3C77283E9AC6A8E03CAFA9 /* [CP] Embed Pods Frameworks */ = {
			isa = PBXShellScriptBuildPhase;
			buildActionMask = 2147483647;
			files = (
			);
			inputFileListPaths = (
			);
			inputPaths = (
				"${SRCROOT}/Pods/Target Support Files/Pods-Datapulter/Pods-Datapulter-frameworks.sh",
				"${BUILT_PRODUCTS_DIR}/Eureka/Eureka.framework",
				"${BUILT_PRODUCTS_DIR}/UICircularProgressRing/UICircularProgressRing.framework",
			);
			name = "[CP] Embed Pods Frameworks";
			outputFileListPaths = (
			);
			outputPaths = (
				"${TARGET_BUILD_DIR}/${FRAMEWORKS_FOLDER_PATH}/Eureka.framework",
				"${TARGET_BUILD_DIR}/${FRAMEWORKS_FOLDER_PATH}/UICircularProgressRing.framework",
			);
			runOnlyForDeploymentPostprocessing = 0;
			shellPath = /bin/sh;
			shellScript = "\"${SRCROOT}/Pods/Target Support Files/Pods-Datapulter/Pods-Datapulter-frameworks.sh\"\n";
			showEnvVarsInLog = 0;
		};
/* End PBXShellScriptBuildPhase section */

/* Begin PBXSourcesBuildPhase section */
		9BCE4ADD21B7DB9600DECB10 /* Sources */ = {
			isa = PBXSourcesBuildPhase;
			buildActionMask = 2147483647;
			files = (
				9BC163E321B7E1EC003272FF /* ProviderTableViewCell.swift in Sources */,
				9BD86B1A21C2D8B300958EAD /* AutoUpload.swift in Sources */,
				9BC163ED21B95263003272FF /* b2.swift in Sources */,
				9BCE4AE721B7DB9600DECB10 /* AddProviderViewController.swift in Sources */,
				9BC163E521B838D3003272FF /* ProviderTableViewController.swift in Sources */,
				9BC163E721B844CD003272FF /* Provider.swift in Sources */,
				9BC6C22E21BBFC6900D96D7A /* EditProviderViewController.swift in Sources */,
				9BCE4AE521B7DB9600DECB10 /* AppDelegate.swift in Sources */,
			);
			runOnlyForDeploymentPostprocessing = 0;
		};
		9BCE4AF121B7DB9900DECB10 /* Sources */ = {
			isa = PBXSourcesBuildPhase;
			buildActionMask = 2147483647;
			files = (
				9BCE4AFA21B7DB9900DECB10 /* DatapulterTests.swift in Sources */,
			);
			runOnlyForDeploymentPostprocessing = 0;
		};
/* End PBXSourcesBuildPhase section */

/* Begin PBXTargetDependency section */
		9BCE4AF721B7DB9900DECB10 /* PBXTargetDependency */ = {
			isa = PBXTargetDependency;
			target = 9BCE4AE021B7DB9600DECB10 /* Datapulter */;
			targetProxy = 9BCE4AF621B7DB9900DECB10 /* PBXContainerItemProxy */;
		};
/* End PBXTargetDependency section */

/* Begin PBXVariantGroup section */
		9BCE4AE821B7DB9600DECB10 /* Main.storyboard */ = {
			isa = PBXVariantGroup;
			children = (
				9BCE4AE921B7DB9600DECB10 /* Base */,
			);
			name = Main.storyboard;
			sourceTree = "<group>";
		};
		9BCE4AED21B7DB9800DECB10 /* LaunchScreen.storyboard */ = {
			isa = PBXVariantGroup;
			children = (
				9BCE4AEE21B7DB9800DECB10 /* Base */,
			);
			name = LaunchScreen.storyboard;
			sourceTree = "<group>";
		};
/* End PBXVariantGroup section */

/* Begin XCBuildConfiguration section */
		9BCE4AFC21B7DB9900DECB10 /* Debug */ = {
			isa = XCBuildConfiguration;
			buildSettings = {
				ALWAYS_SEARCH_USER_PATHS = NO;
				CLANG_ANALYZER_NONNULL = YES;
				CLANG_ANALYZER_NUMBER_OBJECT_CONVERSION = YES_AGGRESSIVE;
				CLANG_CXX_LANGUAGE_STANDARD = "gnu++14";
				CLANG_CXX_LIBRARY = "libc++";
				CLANG_ENABLE_MODULES = YES;
				CLANG_ENABLE_OBJC_ARC = YES;
				CLANG_ENABLE_OBJC_WEAK = YES;
				CLANG_WARN_BLOCK_CAPTURE_AUTORELEASING = YES;
				CLANG_WARN_BOOL_CONVERSION = YES;
				CLANG_WARN_COMMA = YES;
				CLANG_WARN_CONSTANT_CONVERSION = YES;
				CLANG_WARN_DEPRECATED_OBJC_IMPLEMENTATIONS = YES;
				CLANG_WARN_DIRECT_OBJC_ISA_USAGE = YES_ERROR;
				CLANG_WARN_DOCUMENTATION_COMMENTS = YES;
				CLANG_WARN_EMPTY_BODY = YES;
				CLANG_WARN_ENUM_CONVERSION = YES;
				CLANG_WARN_INFINITE_RECURSION = YES;
				CLANG_WARN_INT_CONVERSION = YES;
				CLANG_WARN_NON_LITERAL_NULL_CONVERSION = YES;
				CLANG_WARN_OBJC_IMPLICIT_RETAIN_SELF = YES;
				CLANG_WARN_OBJC_LITERAL_CONVERSION = YES;
				CLANG_WARN_OBJC_ROOT_CLASS = YES_ERROR;
				CLANG_WARN_RANGE_LOOP_ANALYSIS = YES;
				CLANG_WARN_STRICT_PROTOTYPES = YES;
				CLANG_WARN_SUSPICIOUS_MOVE = YES;
				CLANG_WARN_UNGUARDED_AVAILABILITY = YES_AGGRESSIVE;
				CLANG_WARN_UNREACHABLE_CODE = YES;
				CLANG_WARN__DUPLICATE_METHOD_MATCH = YES;
				CODE_SIGN_IDENTITY = "iPhone Developer";
				COPY_PHASE_STRIP = NO;
				DEBUG_INFORMATION_FORMAT = dwarf;
				ENABLE_STRICT_OBJC_MSGSEND = YES;
				ENABLE_TESTABILITY = YES;
				GCC_C_LANGUAGE_STANDARD = gnu11;
				GCC_DYNAMIC_NO_PIC = NO;
				GCC_NO_COMMON_BLOCKS = YES;
				GCC_OPTIMIZATION_LEVEL = 0;
				GCC_PREPROCESSOR_DEFINITIONS = (
					"DEBUG=1",
					"$(inherited)",
				);
				GCC_WARN_64_TO_32_BIT_CONVERSION = YES;
				GCC_WARN_ABOUT_RETURN_TYPE = YES_ERROR;
				GCC_WARN_UNDECLARED_SELECTOR = YES;
				GCC_WARN_UNINITIALIZED_AUTOS = YES_AGGRESSIVE;
				GCC_WARN_UNUSED_FUNCTION = YES;
				GCC_WARN_UNUSED_VARIABLE = YES;
				IPHONEOS_DEPLOYMENT_TARGET = 12.1;
				MTL_ENABLE_DEBUG_INFO = INCLUDE_SOURCE;
				MTL_FAST_MATH = YES;
				ONLY_ACTIVE_ARCH = YES;
				SDKROOT = iphoneos;
				SWIFT_ACTIVE_COMPILATION_CONDITIONS = DEBUG;
				SWIFT_OPTIMIZATION_LEVEL = "-Onone";
			};
			name = Debug;
		};
		9BCE4AFD21B7DB9900DECB10 /* Release */ = {
			isa = XCBuildConfiguration;
			buildSettings = {
				ALWAYS_SEARCH_USER_PATHS = NO;
				CLANG_ANALYZER_NONNULL = YES;
				CLANG_ANALYZER_NUMBER_OBJECT_CONVERSION = YES_AGGRESSIVE;
				CLANG_CXX_LANGUAGE_STANDARD = "gnu++14";
				CLANG_CXX_LIBRARY = "libc++";
				CLANG_ENABLE_MODULES = YES;
				CLANG_ENABLE_OBJC_ARC = YES;
				CLANG_ENABLE_OBJC_WEAK = YES;
				CLANG_WARN_BLOCK_CAPTURE_AUTORELEASING = YES;
				CLANG_WARN_BOOL_CONVERSION = YES;
				CLANG_WARN_COMMA = YES;
				CLANG_WARN_CONSTANT_CONVERSION = YES;
				CLANG_WARN_DEPRECATED_OBJC_IMPLEMENTATIONS = YES;
				CLANG_WARN_DIRECT_OBJC_ISA_USAGE = YES_ERROR;
				CLANG_WARN_DOCUMENTATION_COMMENTS = YES;
				CLANG_WARN_EMPTY_BODY = YES;
				CLANG_WARN_ENUM_CONVERSION = YES;
				CLANG_WARN_INFINITE_RECURSION = YES;
				CLANG_WARN_INT_CONVERSION = YES;
				CLANG_WARN_NON_LITERAL_NULL_CONVERSION = YES;
				CLANG_WARN_OBJC_IMPLICIT_RETAIN_SELF = YES;
				CLANG_WARN_OBJC_LITERAL_CONVERSION = YES;
				CLANG_WARN_OBJC_ROOT_CLASS = YES_ERROR;
				CLANG_WARN_RANGE_LOOP_ANALYSIS = YES;
				CLANG_WARN_STRICT_PROTOTYPES = YES;
				CLANG_WARN_SUSPICIOUS_MOVE = YES;
				CLANG_WARN_UNGUARDED_AVAILABILITY = YES_AGGRESSIVE;
				CLANG_WARN_UNREACHABLE_CODE = YES;
				CLANG_WARN__DUPLICATE_METHOD_MATCH = YES;
				CODE_SIGN_IDENTITY = "iPhone Developer";
				COPY_PHASE_STRIP = NO;
				DEBUG_INFORMATION_FORMAT = "dwarf-with-dsym";
				ENABLE_NS_ASSERTIONS = NO;
				ENABLE_STRICT_OBJC_MSGSEND = YES;
				GCC_C_LANGUAGE_STANDARD = gnu11;
				GCC_NO_COMMON_BLOCKS = YES;
				GCC_WARN_64_TO_32_BIT_CONVERSION = YES;
				GCC_WARN_ABOUT_RETURN_TYPE = YES_ERROR;
				GCC_WARN_UNDECLARED_SELECTOR = YES;
				GCC_WARN_UNINITIALIZED_AUTOS = YES_AGGRESSIVE;
				GCC_WARN_UNUSED_FUNCTION = YES;
				GCC_WARN_UNUSED_VARIABLE = YES;
				IPHONEOS_DEPLOYMENT_TARGET = 12.1;
				MTL_ENABLE_DEBUG_INFO = NO;
				MTL_FAST_MATH = YES;
				SDKROOT = iphoneos;
				SWIFT_COMPILATION_MODE = wholemodule;
				SWIFT_OPTIMIZATION_LEVEL = "-O";
				VALIDATE_PRODUCT = YES;
			};
			name = Release;
		};
		9BCE4AFF21B7DB9900DECB10 /* Debug */ = {
			isa = XCBuildConfiguration;
			baseConfigurationReference = 255F2EFF802574F1F6D5DC03 /* Pods-Datapulter.debug.xcconfig */;
			buildSettings = {
				ASSETCATALOG_COMPILER_APPICON_NAME = AppIcon;
				CODE_SIGN_STYLE = Automatic;
				INFOPLIST_FILE = Datapulter/Info.plist;
				LD_RUNPATH_SEARCH_PATHS = (
					"$(inherited)",
					"@executable_path/Frameworks",
				);
				PRODUCT_BUNDLE_IDENTIFIER = com.example.Datapulter;
				PRODUCT_NAME = "$(TARGET_NAME)";
				SWIFT_VERSION = 4.2;
				TARGETED_DEVICE_FAMILY = "1,2";
			};
			name = Debug;
		};
		9BCE4B0021B7DB9900DECB10 /* Release */ = {
			isa = XCBuildConfiguration;
			baseConfigurationReference = 384C332A8CCA221D1966A88F /* Pods-Datapulter.release.xcconfig */;
			buildSettings = {
				ASSETCATALOG_COMPILER_APPICON_NAME = AppIcon;
				CODE_SIGN_STYLE = Automatic;
				INFOPLIST_FILE = Datapulter/Info.plist;
				LD_RUNPATH_SEARCH_PATHS = (
					"$(inherited)",
					"@executable_path/Frameworks",
				);
				PRODUCT_BUNDLE_IDENTIFIER = com.example.Datapulter;
				PRODUCT_NAME = "$(TARGET_NAME)";
				SWIFT_VERSION = 4.2;
				TARGETED_DEVICE_FAMILY = "1,2";
			};
			name = Release;
		};
		9BCE4B0221B7DB9900DECB10 /* Debug */ = {
			isa = XCBuildConfiguration;
			buildSettings = {
				ALWAYS_EMBED_SWIFT_STANDARD_LIBRARIES = YES;
				BUNDLE_LOADER = "$(TEST_HOST)";
				CODE_SIGN_STYLE = Automatic;
				INFOPLIST_FILE = DatapulterTests/Info.plist;
				LD_RUNPATH_SEARCH_PATHS = (
					"$(inherited)",
					"@executable_path/Frameworks",
					"@loader_path/Frameworks",
				);
				PRODUCT_BUNDLE_IDENTIFIER = com.example.DatapulterTests;
				PRODUCT_NAME = "$(TARGET_NAME)";
				SWIFT_VERSION = 4.2;
				TARGETED_DEVICE_FAMILY = "1,2";
				TEST_HOST = "$(BUILT_PRODUCTS_DIR)/Datapulter.app/Datapulter";
			};
			name = Debug;
		};
		9BCE4B0321B7DB9900DECB10 /* Release */ = {
			isa = XCBuildConfiguration;
			buildSettings = {
				ALWAYS_EMBED_SWIFT_STANDARD_LIBRARIES = YES;
				BUNDLE_LOADER = "$(TEST_HOST)";
				CODE_SIGN_STYLE = Automatic;
				INFOPLIST_FILE = DatapulterTests/Info.plist;
				LD_RUNPATH_SEARCH_PATHS = (
					"$(inherited)",
					"@executable_path/Frameworks",
					"@loader_path/Frameworks",
				);
				PRODUCT_BUNDLE_IDENTIFIER = com.example.DatapulterTests;
				PRODUCT_NAME = "$(TARGET_NAME)";
				SWIFT_VERSION = 4.2;
				TARGETED_DEVICE_FAMILY = "1,2";
				TEST_HOST = "$(BUILT_PRODUCTS_DIR)/Datapulter.app/Datapulter";
			};
			name = Release;
		};
/* End XCBuildConfiguration section */

/* Begin XCConfigurationList section */
		9BCE4ADC21B7DB9600DECB10 /* Build configuration list for PBXProject "Datapulter" */ = {
			isa = XCConfigurationList;
			buildConfigurations = (
				9BCE4AFC21B7DB9900DECB10 /* Debug */,
				9BCE4AFD21B7DB9900DECB10 /* Release */,
			);
			defaultConfigurationIsVisible = 0;
			defaultConfigurationName = Release;
		};
		9BCE4AFE21B7DB9900DECB10 /* Build configuration list for PBXNativeTarget "Datapulter" */ = {
			isa = XCConfigurationList;
			buildConfigurations = (
				9BCE4AFF21B7DB9900DECB10 /* Debug */,
				9BCE4B0021B7DB9900DECB10 /* Release */,
			);
			defaultConfigurationIsVisible = 0;
			defaultConfigurationName = Release;
		};
		9BCE4B0121B7DB9900DECB10 /* Build configuration list for PBXNativeTarget "DatapulterTests" */ = {
			isa = XCConfigurationList;
			buildConfigurations = (
				9BCE4B0221B7DB9900DECB10 /* Debug */,
				9BCE4B0321B7DB9900DECB10 /* Release */,
			);
			defaultConfigurationIsVisible = 0;
			defaultConfigurationName = Release;
		};
/* End XCConfigurationList section */
	};
	rootObject = 9BCE4AD921B7DB9600DECB10 /* Project object */;
}
